
Microsoft Visual Studio Solution File, Format Version 12.00
# Visual Studio Version 16
VisualStudioVersion = 16.0.31205.134
MinimumVisualStudioVersion = 10.0.40219.1
Project("{FAE04EC0-301F-11D3-BF4B-00C04F79EFBC}") = "winform  task 3-2", "winform  task 3-2\winform  task 3-2.csproj", "{D3516BCF-6235-4D25-B254-29E03313C868}"
EndProject
Global
	GlobalSection(SolutionConfigurationPlatforms) = preSolution
		Debug|Any CPU = Debug|Any CPU
		Release|Any CPU = Release|Any CPU
	EndGlobalSection
	GlobalSection(ProjectConfigurationPlatforms) = postSolution
		{D3516BCF-6235-4D25-B254-29E03313C868}.Debug|Any CPU.ActiveCfg = Debug|Any CPU
		{D3516BCF-6235-4D25-B254-29E03313C868}.Debug|Any CPU.Build.0 = Debug|Any CPU
		{D3516BCF-6235-4D25-B254-29E03313C868}.Release|Any CPU.ActiveCfg = Release|Any CPU
		{D3516BCF-6235-4D25-B254-29E03313C868}.Release|Any CPU.Build.0 = Release|Any CPU
	EndGlobalSection
	GlobalSection(SolutionProperties) = preSolution
		HideSolutionNode = FALSE
	EndGlobalSection
	GlobalSection(ExtensibilityGlobals) = postSolution
		SolutionGuid = {121AD15B-5C18-4FD4-B3CF-46E60AD419C2}
	EndGlobalSection
EndGlobal
